
Microsoft Visual Studio Solution File, Format Version 12.00
# Visual Studio Version 16
VisualStudioVersion = 16.0.31025.194
MinimumVisualStudioVersion = 10.0.40219.1
Project("{9A19103F-16F7-4668-BE54-9A1E7A4F7556}") = "GreenFlux.SmartCharging.Api", "GreenFlux.SmartCharging.Api\GreenFlux.SmartCharging.Api.csproj", "{226AF9F8-DA48-4138-9AEB-4B20213FD772}"
EndProject
Project("{FAE04EC0-301F-11D3-BF4B-00C04F79EFBC}") = "GreenFlux.SmartCharging.Application", "GreenFlux.SmartCharging.Application\GreenFlux.SmartCharging.Application.csproj", "{E6E62AEA-2D75-4FA7-AF22-7D2CFC00E490}"
EndProject
Project("{FAE04EC0-301F-11D3-BF4B-00C04F79EFBC}") = "GreenFlux.SmartCharging.Infrastructure", "GreenFlux.SmartCharging.Infrastructure\GreenFlux.SmartCharging.Infrastructure.csproj", "{946FA0E8-ADE9-4245-8696-BADD42F45EB2}"
EndProject
Project("{FAE04EC0-301F-11D3-BF4B-00C04F79EFBC}") = "GreenFlux.SmartCharging.Domain", "GreenFlux.SmartCharging.Domain\GreenFlux.SmartCharging.Domain.csproj", "{F9884D15-D515-4D42-AD64-F2B595162E06}"
EndProject
Global
	GlobalSection(SolutionConfigurationPlatforms) = preSolution
		Debug|Any CPU = Debug|Any CPU
		Release|Any CPU = Release|Any CPU
	EndGlobalSection
	GlobalSection(ProjectConfigurationPlatforms) = postSolution
		{226AF9F8-DA48-4138-9AEB-4B20213FD772}.Debug|Any CPU.ActiveCfg = Debug|Any CPU
		{226AF9F8-DA48-4138-9AEB-4B20213FD772}.Debug|Any CPU.Build.0 = Debug|Any CPU
		{226AF9F8-DA48-4138-9AEB-4B20213FD772}.Release|Any CPU.ActiveCfg = Release|Any CPU
		{226AF9F8-DA48-4138-9AEB-4B20213FD772}.Release|Any CPU.Build.0 = Release|Any CPU
		{E6E62AEA-2D75-4FA7-AF22-7D2CFC00E490}.Debug|Any CPU.ActiveCfg = Debug|Any CPU
		{E6E62AEA-2D75-4FA7-AF22-7D2CFC00E490}.Debug|Any CPU.Build.0 = Debug|Any CPU
		{E6E62AEA-2D75-4FA7-AF22-7D2CFC00E490}.Release|Any CPU.ActiveCfg = Release|Any CPU
		{E6E62AEA-2D75-4FA7-AF22-7D2CFC00E490}.Release|Any CPU.Build.0 = Release|Any CPU
		{946FA0E8-ADE9-4245-8696-BADD42F45EB2}.Debug|Any CPU.ActiveCfg = Debug|Any CPU
		{946FA0E8-ADE9-4245-8696-BADD42F45EB2}.Debug|Any CPU.Build.0 = Debug|Any CPU
		{946FA0E8-ADE9-4245-8696-BADD42F45EB2}.Release|Any CPU.ActiveCfg = Release|Any CPU
		{946FA0E8-ADE9-4245-8696-BADD42F45EB2}.Release|Any CPU.Build.0 = Release|Any CPU
		{F9884D15-D515-4D42-AD64-F2B595162E06}.Debug|Any CPU.ActiveCfg = Debug|Any CPU
		{F9884D15-D515-4D42-AD64-F2B595162E06}.Debug|Any CPU.Build.0 = Debug|Any CPU
		{F9884D15-D515-4D42-AD64-F2B595162E06}.Release|Any CPU.ActiveCfg = Release|Any CPU
		{F9884D15-D515-4D42-AD64-F2B595162E06}.Release|Any CPU.Build.0 = Release|Any CPU
	EndGlobalSection
	GlobalSection(SolutionProperties) = preSolution
		HideSolutionNode = FALSE
	EndGlobalSection
	GlobalSection(ExtensibilityGlobals) = postSolution
		SolutionGuid = {03F7C69A-81AF-4171-ADE9-C7DA7925A329}
	EndGlobalSection
EndGlobal
